
Microsoft Visual Studio Solution File, Format Version 12.00
# Visual Studio Version 17
VisualStudioVersion = 17.5.33627.172
MinimumVisualStudioVersion = 10.0.40219.1
Project("{FAE04EC0-301F-11D3-BF4B-00C04F79EFBC}") = "User_Registration", "User_Registration\User_Registration.csproj", "{5B70B2AD-4E9F-486A-AA6E-F1B55780D5A7}"
EndProject
Global
	GlobalSection(SolutionConfigurationPlatforms) = preSolution
		Debug|Any CPU = Debug|Any CPU
		Release|Any CPU = Release|Any CPU
	EndGlobalSection
	GlobalSection(ProjectConfigurationPlatforms) = postSolution
		{5B70B2AD-4E9F-486A-AA6E-F1B55780D5A7}.Debug|Any CPU.ActiveCfg = Debug|Any CPU
		{5B70B2AD-4E9F-486A-AA6E-F1B55780D5A7}.Debug|Any CPU.Build.0 = Debug|Any CPU
		{5B70B2AD-4E9F-486A-AA6E-F1B55780D5A7}.Release|Any CPU.ActiveCfg = Release|Any CPU
		{5B70B2AD-4E9F-486A-AA6E-F1B55780D5A7}.Release|Any CPU.Build.0 = Release|Any CPU
	EndGlobalSection
	GlobalSection(SolutionProperties) = preSolution
		HideSolutionNode = FALSE
	EndGlobalSection
	GlobalSection(ExtensibilityGlobals) = postSolution
		SolutionGuid = {CB63C030-BE1E-4D69-9DF2-05E93F2EA03D}
	EndGlobalSection
EndGlobal
